// !$*UTF8*$!
{
	archiveVersion = 1;
	classes = {
	};
	objectVersion = 50;
	objects = {

/* Begin PBXBuildFile section */
		820972D721B6564200EEF992 /* AppDelegate.swift in Sources */ = {isa = PBXBuildFile; fileRef = 820972D621B6564200EEF992 /* AppDelegate.swift */; };
		820972D921B6564200EEF992 /* ViewController.swift in Sources */ = {isa = PBXBuildFile; fileRef = 820972D821B6564200EEF992 /* ViewController.swift */; };
		820972DC21B6564200EEF992 /* Main.storyboard in Resources */ = {isa = PBXBuildFile; fileRef = 820972DA21B6564200EEF992 /* Main.storyboard */; };
		820972DF21B6564200EEF992 /* Letschill_FinalProject_iOS.xcdatamodeld in Sources */ = {isa = PBXBuildFile; fileRef = 820972DD21B6564200EEF992 /* Letschill_FinalProject_iOS.xcdatamodeld */; };
		820972E121B6564300EEF992 /* Assets.xcassets in Resources */ = {isa = PBXBuildFile; fileRef = 820972E021B6564300EEF992 /* Assets.xcassets */; };
		820972E421B6564300EEF992 /* LaunchScreen.storyboard in Resources */ = {isa = PBXBuildFile; fileRef = 820972E221B6564300EEF992 /* LaunchScreen.storyboard */; };
/* End PBXBuildFile section */

/* Begin PBXFileReference section */
		820972D321B6564200EEF992 /* Letschill_FinalProject_iOS.app */ = {isa = PBXFileReference; explicitFileType = wrapper.application; includeInIndex = 0; path = Letschill_FinalProject_iOS.app; sourceTree = BUILT_PRODUCTS_DIR; };
		820972D621B6564200EEF992 /* AppDelegate.swift */ = {isa = PBXFileReference; lastKnownFileType = sourcecode.swift; path = AppDelegate.swift; sourceTree = "<group>"; };
		820972D821B6564200EEF992 /* ViewController.swift */ = {isa = PBXFileReference; lastKnownFileType = sourcecode.swift; path = ViewController.swift; sourceTree = "<group>"; };
		820972DB21B6564200EEF992 /* Base */ = {isa = PBXFileReference; lastKnownFileType = file.storyboard; name = Base; path = Base.lproj/Main.storyboard; sourceTree = "<group>"; };
		820972DE21B6564200EEF992 /* Letschill_FinalProject_iOS.xcdatamodel */ = {isa = PBXFileReference; lastKnownFileType = wrapper.xcdatamodel; path = Letschill_FinalProject_iOS.xcdatamodel; sourceTree = "<group>"; };
		820972E021B6564300EEF992 /* Assets.xcassets */ = {isa = PBXFileReference; lastKnownFileType = folder.assetcatalog; path = Assets.xcassets; sourceTree = "<group>"; };
		820972E321B6564300EEF992 /* Base */ = {isa = PBXFileReference; lastKnownFileType = file.storyboard; name = Base; path = Base.lproj/LaunchScreen.storyboard; sourceTree = "<group>"; };
		820972E521B6564300EEF992 /* Info.plist */ = {isa = PBXFileReference; lastKnownFileType = text.plist.xml; path = Info.plist; sourceTree = "<group>"; };
/* End PBXFileReference section */

/* Begin PBXFrameworksBuildPhase section */
		820972D021B6564200EEF992 /* Frameworks */ = {
			isa = PBXFrameworksBuildPhase;
			buildActionMask = 2147483647;
			files = (
			);
			runOnlyForDeploymentPostprocessing = 0;
		};
/* End PBXFrameworksBuildPhase section */

/* Begin PBXGroup section */
		820972CA21B6564200EEF992 = {
			isa = PBXGroup;
			children = (
				820972D521B6564200EEF992 /* Letschill_FinalProject_iOS */,
				820972D421B6564200EEF992 /* Products */,
			);
			sourceTree = "<group>";
		};
		820972D421B6564200EEF992 /* Products */ = {
			isa = PBXGroup;
			children = (
				820972D321B6564200EEF992 /* Letschill_FinalProject_iOS.app */,
			);
			name = Products;
			sourceTree = "<group>";
		};
		820972D521B6564200EEF992 /* Letschill_FinalProject_iOS */ = {
			isa = PBXGroup;
			children = (
				820972D621B6564200EEF992 /* AppDelegate.swift */,
				820972D821B6564200EEF992 /* ViewController.swift */,
				820972DA21B6564200EEF992 /* Main.storyboard */,
				820972E021B6564300EEF992 /* Assets.xcassets */,
				820972E221B6564300EEF992 /* LaunchScreen.storyboard */,
				820972E521B6564300EEF992 /* Info.plist */,
				820972DD21B6564200EEF992 /* Letschill_FinalProject_iOS.xcdatamodeld */,
			);
			path = Letschill_FinalProject_iOS;
			sourceTree = "<group>";
		};
/* End PBXGroup section */

/* Begin PBXNativeTarget section */
		820972D221B6564200EEF992 /* Letschill_FinalProject_iOS */ = {
			isa = PBXNativeTarget;
			buildConfigurationList = 820972E821B6564300EEF992 /* Build configuration list for PBXNativeTarget "Letschill_FinalProject_iOS" */;
			buildPhases = (
				820972CF21B6564200EEF992 /* Sources */,
				820972D021B6564200EEF992 /* Frameworks */,
				820972D121B6564200EEF992 /* Resources */,
			);
			buildRules = (
			);
			dependencies = (
			);
			name = Letschill_FinalProject_iOS;
			productName = Letschill_FinalProject_iOS;
			productReference = 820972D321B6564200EEF992 /* Letschill_FinalProject_iOS.app */;
			productType = "com.apple.product-type.application";
		};
/* End PBXNativeTarget section */

/* Begin PBXProject section */
		820972CB21B6564200EEF992 /* Project object */ = {
			isa = PBXProject;
			attributes = {
				LastSwiftUpdateCheck = 1010;
				LastUpgradeCheck = 1010;
				ORGANIZATIONNAME = "Prajwal Ramamurthy";
				TargetAttributes = {
					820972D221B6564200EEF992 = {
						CreatedOnToolsVersion = 10.1;
					};
				};
			};
			buildConfigurationList = 820972CE21B6564200EEF992 /* Build configuration list for PBXProject "Letschill_FinalProject_iOS" */;
			compatibilityVersion = "Xcode 9.3";
			developmentRegion = en;
			hasScannedForEncodings = 0;
			knownRegions = (
				en,
				Base,
			);
			mainGroup = 820972CA21B6564200EEF992;
			productRefGroup = 820972D421B6564200EEF992 /* Products */;
			projectDirPath = "";
			projectRoot = "";
			targets = (
				820972D221B6564200EEF992 /* Letschill_FinalProject_iOS */,
			);
		};
/* End PBXProject section */

/* Begin PBXResourcesBuildPhase section */
		820972D121B6564200EEF992 /* Resources */ = {
			isa = PBXResourcesBuildPhase;
			buildActionMask = 2147483647;
			files = (
				820972E421B6564300EEF992 /* LaunchScreen.storyboard in Resources */,
				820972E121B6564300EEF992 /* Assets.xcassets in Resources */,
				820972DC21B6564200EEF992 /* Main.storyboard in Resources */,
			);
			runOnlyForDeploymentPostprocessing = 0;
		};
/* End PBXResourcesBuildPhase section */

/* Begin PBXSourcesBuildPhase section */
		820972CF21B6564200EEF992 /* Sources */ = {
			isa = PBXSourcesBuildPhase;
			buildActionMask = 2147483647;
			files = (
				820972D921B6564200EEF992 /* ViewController.swift in Sources */,
				820972D721B6564200EEF992 /* AppDelegate.swift in Sources */,
				820972DF21B6564200EEF992 /* Letschill_FinalProject_iOS.xcdatamodeld in Sources */,
			);
			runOnlyForDeploymentPostprocessing = 0;
		};
/* End PBXSourcesBuildPhase section */

/* Begin PBXVariantGroup section */
		820972DA21B6564200EEF992 /* Main.storyboard */ = {
			isa = PBXVariantGroup;
			children = (
				820972DB21B6564200EEF992 /* Base */,
			);
			name = Main.storyboard;
			sourceTree = "<group>";
		};
		820972E221B6564300EEF992 /* LaunchScreen.storyboard */ = {
			isa = PBXVariantGroup;
			children = (
				820972E321B6564300EEF992 /* Base */,
			);
			name = LaunchScreen.storyboard;
			sourceTree = "<group>";
		};
/* End PBXVariantGroup section */

/* Begin XCBuildConfiguration section */
		820972E621B6564300EEF992 /* Debug */ = {
			isa = XCBuildConfiguration;
			buildSettings = {
				ALWAYS_SEARCH_USER_PATHS = NO;
				CLANG_ANALYZER_NONNULL = YES;
				CLANG_ANALYZER_NUMBER_OBJECT_CONVERSION = YES_AGGRESSIVE;
				CLANG_CXX_LANGUAGE_STANDARD = "gnu++14";
				CLANG_CXX_LIBRARY = "libc++";
				CLANG_ENABLE_MODULES = YES;
				CLANG_ENABLE_OBJC_ARC = YES;
				CLANG_ENABLE_OBJC_WEAK = YES;
				CLANG_WARN_BLOCK_CAPTURE_AUTORELEASING = YES;
				CLANG_WARN_BOOL_CONVERSION = YES;
				CLANG_WARN_COMMA = YES;
				CLANG_WARN_CONSTANT_CONVERSION = YES;
				CLANG_WARN_DEPRECATED_OBJC_IMPLEMENTATIONS = YES;
				CLANG_WARN_DIRECT_OBJC_ISA_USAGE = YES_ERROR;
				CLANG_WARN_DOCUMENTATION_COMMENTS = YES;
				CLANG_WARN_EMPTY_BODY = YES;
				CLANG_WARN_ENUM_CONVERSION = YES;
				CLANG_WARN_INFINITE_RECURSION = YES;
				CLANG_WARN_INT_CONVERSION = YES;
				CLANG_WARN_NON_LITERAL_NULL_CONVERSION = YES;
				CLANG_WARN_OBJC_IMPLICIT_RETAIN_SELF = YES;
				CLANG_WARN_OBJC_LITERAL_CONVERSION = YES;
				CLANG_WARN_OBJC_ROOT_CLASS = YES_ERROR;
				CLANG_WARN_RANGE_LOOP_ANALYSIS = YES;
				CLANG_WARN_STRICT_PROTOTYPES = YES;
				CLANG_WARN_SUSPICIOUS_MOVE = YES;
				CLANG_WARN_UNGUARDED_AVAILABILITY = YES_AGGRESSIVE;
				CLANG_WARN_UNREACHABLE_CODE = YES;
				CLANG_WARN__DUPLICATE_METHOD_MATCH = YES;
				CODE_SIGN_IDENTITY = "iPhone Developer";
				COPY_PHASE_STRIP = NO;
				DEBUG_INFORMATION_FORMAT = dwarf;
				ENABLE_STRICT_OBJC_MSGSEND = YES;
				ENABLE_TESTABILITY = YES;
				GCC_C_LANGUAGE_STANDARD = gnu11;
				GCC_DYNAMIC_NO_PIC = NO;
				GCC_NO_COMMON_BLOCKS = YES;
				GCC_OPTIMIZATION_LEVEL = 0;
				GCC_PREPROCESSOR_DEFINITIONS = (
					"DEBUG=1",
					"$(inherited)",
				);
				GCC_WARN_64_TO_32_BIT_CONVERSION = YES;
				GCC_WARN_ABOUT_RETURN_TYPE = YES_ERROR;
				GCC_WARN_UNDECLARED_SELECTOR = YES;
				GCC_WARN_UNINITIALIZED_AUTOS = YES_AGGRESSIVE;
				GCC_WARN_UNUSED_FUNCTION = YES;
				GCC_WARN_UNUSED_VARIABLE = YES;
				IPHONEOS_DEPLOYMENT_TARGET = 12.1;
				MTL_ENABLE_DEBUG_INFO = INCLUDE_SOURCE;
				MTL_FAST_MATH = YES;
				ONLY_ACTIVE_ARCH = YES;
				SDKROOT = iphoneos;
				SWIFT_ACTIVE_COMPILATION_CONDITIONS = DEBUG;
				SWIFT_OPTIMIZATION_LEVEL = "-Onone";
			};
			name = Debug;
		};
		820972E721B6564300EEF992 /* Release */ = {
			isa = XCBuildConfiguration;
			buildSettings = {
				ALWAYS_SEARCH_USER_PATHS = NO;
				CLANG_ANALYZER_NONNULL = YES;
				CLANG_ANALYZER_NUMBER_OBJECT_CONVERSION = YES_AGGRESSIVE;
				CLANG_CXX_LANGUAGE_STANDARD = "gnu++14";
				CLANG_CXX_LIBRARY = "libc++";
				CLANG_ENABLE_MODULES = YES;
				CLANG_ENABLE_OBJC_ARC = YES;
				CLANG_ENABLE_OBJC_WEAK = YES;
				CLANG_WARN_BLOCK_CAPTURE_AUTORELEASING = YES;
				CLANG_WARN_BOOL_CONVERSION = YES;
				CLANG_WARN_COMMA = YES;
				CLANG_WARN_CONSTANT_CONVERSION = YES;
				CLANG_WARN_DEPRECATED_OBJC_IMPLEMENTATIONS = YES;
				CLANG_WARN_DIRECT_OBJC_ISA_USAGE = YES_ERROR;
				CLANG_WARN_DOCUMENTATION_COMMENTS = YES;
				CLANG_WARN_EMPTY_BODY = YES;
				CLANG_WARN_ENUM_CONVERSION = YES;
				CLANG_WARN_INFINITE_RECURSION = YES;
				CLANG_WARN_INT_CONVERSION = YES;
				CLANG_WARN_NON_LITERAL_NULL_CONVERSION = YES;
				CLANG_WARN_OBJC_IMPLICIT_RETAIN_SELF = YES;
				CLANG_WARN_OBJC_LITERAL_CONVERSION = YES;
				CLANG_WARN_OBJC_ROOT_CLASS = YES_ERROR;
				CLANG_WARN_RANGE_LOOP_ANALYSIS = YES;
				CLANG_WARN_STRICT_PROTOTYPES = YES;
				CLANG_WARN_SUSPICIOUS_MOVE = YES;
				CLANG_WARN_UNGUARDED_AVAILABILITY = YES_AGGRESSIVE;
				CLANG_WARN_UNREACHABLE_CODE = YES;
				CLANG_WARN__DUPLICATE_METHOD_MATCH = YES;
				CODE_SIGN_IDENTITY = "iPhone Developer";
				COPY_PHASE_STRIP = NO;
				DEBUG_INFORMATION_FORMAT = "dwarf-with-dsym";
				ENABLE_NS_ASSERTIONS = NO;
				ENABLE_STRICT_OBJC_MSGSEND = YES;
				GCC_C_LANGUAGE_STANDARD = gnu11;
				GCC_NO_COMMON_BLOCKS = YES;
				GCC_WARN_64_TO_32_BIT_CONVERSION = YES;
				GCC_WARN_ABOUT_RETURN_TYPE = YES_ERROR;
				GCC_WARN_UNDECLARED_SELECTOR = YES;
				GCC_WARN_UNINITIALIZED_AUTOS = YES_AGGRESSIVE;
				GCC_WARN_UNUSED_FUNCTION = YES;
				GCC_WARN_UNUSED_VARIABLE = YES;
				IPHONEOS_DEPLOYMENT_TARGET = 12.1;
				MTL_ENABLE_DEBUG_INFO = NO;
				MTL_FAST_MATH = YES;
				SDKROOT = iphoneos;
				SWIFT_COMPILATION_MODE = wholemodule;
				SWIFT_OPTIMIZATION_LEVEL = "-O";
				VALIDATE_PRODUCT = YES;
			};
			name = Release;
		};
		820972E921B6564300EEF992 /* Debug */ = {
			isa = XCBuildConfiguration;
			buildSettings = {
				ASSETCATALOG_COMPILER_APPICON_NAME = AppIcon;
				CODE_SIGN_STYLE = Automatic;
				DEVELOPMENT_TEAM = MYLQWYYN25;
				INFOPLIST_FILE = Letschill_FinalProject_iOS/Info.plist;
				LD_RUNPATH_SEARCH_PATHS = (
					"$(inherited)",
					"@executable_path/Frameworks",
				);
				PRODUCT_BUNDLE_IDENTIFIER = "com.fullsail.Letschill-FinalProject-iOS";
				PRODUCT_NAME = "$(TARGET_NAME)";
				SWIFT_VERSION = 4.2;
				TARGETED_DEVICE_FAMILY = "1,2";
			};
			name = Debug;
		};
		820972EA21B6564300EEF992 /* Release */ = {
			isa = XCBuildConfiguration;
			buildSettings = {
				ASSETCATALOG_COMPILER_APPICON_NAME = AppIcon;
				CODE_SIGN_STYLE = Automatic;
				DEVELOPMENT_TEAM = MYLQWYYN25;
				INFOPLIST_FILE = Letschill_FinalProject_iOS/Info.plist;
				LD_RUNPATH_SEARCH_PATHS = (
					"$(inherited)",
					"@executable_path/Frameworks",
				);
				PRODUCT_BUNDLE_IDENTIFIER = "com.fullsail.Letschill-FinalProject-iOS";
				PRODUCT_NAME = "$(TARGET_NAME)";
				SWIFT_VERSION = 4.2;
				TARGETED_DEVICE_FAMILY = "1,2";
			};
			name = Release;
		};
/* End XCBuildConfiguration section */

/* Begin XCConfigurationList section */
		820972CE21B6564200EEF992 /* Build configuration list for PBXProject "Letschill_FinalProject_iOS" */ = {
			isa = XCConfigurationList;
			buildConfigurations = (
				820972E621B6564300EEF992 /* Debug */,
				820972E721B6564300EEF992 /* Release */,
			);
			defaultConfigurationIsVisible = 0;
			defaultConfigurationName = Release;
		};
		820972E821B6564300EEF992 /* Build configuration list for PBXNativeTarget "Letschill_FinalProject_iOS" */ = {
			isa = XCConfigurationList;
			buildConfigurations = (
				820972E921B6564300EEF992 /* Debug */,
				820972EA21B6564300EEF992 /* Release */,
			);
			defaultConfigurationIsVisible = 0;
			defaultConfigurationName = Release;
		};
/* End XCConfigurationList section */

/* Begin XCVersionGroup section */
		820972DD21B6564200EEF992 /* Letschill_FinalProject_iOS.xcdatamodeld */ = {
			isa = XCVersionGroup;
			children = (
				820972DE21B6564200EEF992 /* Letschill_FinalProject_iOS.xcdatamodel */,
			);
			currentVersion = 820972DE21B6564200EEF992 /* Letschill_FinalProject_iOS.xcdatamodel */;
			path = Letschill_FinalProject_iOS.xcdatamodeld;
			sourceTree = "<group>";
			versionGroupType = wrapper.xcdatamodel;
		};
/* End XCVersionGroup section */
	};
	rootObject = 820972CB21B6564200EEF992 /* Project object */;
}
